# THIS IS AN AUTOGENERATED FILE. DO NOT EDIT THIS FILE DIRECTLY.
# yarn lockfile v1


bs-moment@^0.6.0:
  version "0.6.0"
  resolved "https://registry.yarnpkg.com/bs-moment/-/bs-moment-0.6.0.tgz#b49c5580598ef277696494684fd274ea1f8b1019"
  integrity sha512-AYtL5j6hXHwA+SZut4uhvlhDrabpqwjuXIa/0qfVpEjR45HGBruSZFxUcXwjtOGy9eoRc1FKjRM0n+X21oJb+w==

esy@*:
  version "0.6.10"
  resolved "https://registry.yarnpkg.com/esy/-/esy-0.6.10.tgz#918de2ad7e40793978c63b8216563408527cc25e"
  integrity sha512-O+mWNPB9NJqDr3CA1PUbWUO1ZSy53ksZWivGrvbquATR5INlp3CYguwkq4BzZACg1s1bVYyhr7byjB/l1nuGRA==

moment@^2.29.1:
  version "2.29.1"
  resolved "https://registry.yarnpkg.com/moment/-/moment-2.29.1.tgz#b2be769fa31940be9eeea6469c075e35006fa3d3"
  integrity sha512-kHmoybcPV8Sqy59DwNDY3Jefr64lK/by/da0ViFcuA4DH0vQg5Q6Ze5VimxkfQNSC+Mls/Kx53s7TjP1RhFEDQ==

ocaml-re@idkjs/ocaml-re:
  version "0.9.0"
  resolved "https://codeload.github.com/idkjs/ocaml-re/tar.gz/a678c3fe94816d5b09815a6bb2eef81023d52377"
